// !$*UTF8*$!
{
	archiveVersion = 1;
	classes = {
	};
	objectVersion = 55;
	objects = {

/* Begin PBXBuildFile section */
		259D9077284A3C79001BD09C /* Classify Ending.swift in Sources */ = {isa = PBXBuildFile; fileRef = 259D9076284A3C79001BD09C /* Classify Ending.swift */; };
		259D9078284A86A1001BD09C /* Classify Ending.swift in Sources */ = {isa = PBXBuildFile; fileRef = 259D9076284A3C79001BD09C /* Classify Ending.swift */; };
		259D907A284A940D001BD09C /* AchievementsView.swift in Sources */ = {isa = PBXBuildFile; fileRef = 259D9079284A940D001BD09C /* AchievementsView.swift */; };
		259D907B284A940D001BD09C /* AchievementsView.swift in Sources */ = {isa = PBXBuildFile; fileRef = 259D9079284A940D001BD09C /* AchievementsView.swift */; };
		7FB0FCCC285654DD0093B401 /* EndingView.swift in Sources */ = {isa = PBXBuildFile; fileRef = 7FB0FCCB285654DD0093B401 /* EndingView.swift */; };
		99945A67283E6B9200C1B621 /* main.swift in Sources */ = {isa = PBXBuildFile; fileRef = 99945A66283E6B9200C1B621 /* main.swift */; };
		C814C278284FD062002E7A43 /* storedFunctions.swift in Sources */ = {isa = PBXBuildFile; fileRef = C814C277284FD062002E7A43 /* storedFunctions.swift */; };
		C814C279284FD062002E7A43 /* storedFunctions.swift in Sources */ = {isa = PBXBuildFile; fileRef = C814C277284FD062002E7A43 /* storedFunctions.swift */; };
		C829BC8B2847AB040063355F /* iOSApp.swift in Sources */ = {isa = PBXBuildFile; fileRef = C829BC8A2847AB040063355F /* iOSApp.swift */; };
		C829BC8D2847AB040063355F /* ContentView.swift in Sources */ = {isa = PBXBuildFile; fileRef = C829BC8C2847AB040063355F /* ContentView.swift */; };
		C829BC8F2847AB080063355F /* Assets.xcassets in Resources */ = {isa = PBXBuildFile; fileRef = C829BC8E2847AB080063355F /* Assets.xcassets */; };
		C829BC922847AB080063355F /* Preview Assets.xcassets in Resources */ = {isa = PBXBuildFile; fileRef = C829BC912847AB080063355F /* Preview Assets.xcassets */; };
		C829BC972847AEF80063355F /* NodeView.swift in Sources */ = {isa = PBXBuildFile; fileRef = C829BC962847AEF80063355F /* NodeView.swift */; };
		C829BC982847AF580063355F /* Node.swift in Sources */ = {isa = PBXBuildFile; fileRef = 99945A70283E6ED300C1B621 /* Node.swift */; };
		C829BC9A2847B0970063355F /* Node.swift in Sources */ = {isa = PBXBuildFile; fileRef = 99945A70283E6ED300C1B621 /* Node.swift */; };
/* End PBXBuildFile section */

/* Begin PBXCopyFilesBuildPhase section */
		99945A61283E6B9200C1B621 /* CopyFiles */ = {
			isa = PBXCopyFilesBuildPhase;
			buildActionMask = 2147483647;
			dstPath = /usr/share/man/man1/;
			dstSubfolderSpec = 0;
			files = (
			);
			runOnlyForDeploymentPostprocessing = 1;
		};
/* End PBXCopyFilesBuildPhase section */

/* Begin PBXFileReference section */
		258A561028590DFD008A7356 /* GraphGenerator.playground */ = {isa = PBXFileReference; lastKnownFileType = file.playground; path = GraphGenerator.playground; sourceTree = "<group>"; };
		258A561128590E12008A7356 /* output.pdf */ = {isa = PBXFileReference; lastKnownFileType = image.pdf; path = output.pdf; sourceTree = "<group>"; };
		259D9076284A3C79001BD09C /* Classify Ending.swift */ = {isa = PBXFileReference; lastKnownFileType = sourcecode.swift; path = "Classify Ending.swift"; sourceTree = "<group>"; };
		259D9079284A940D001BD09C /* AchievementsView.swift */ = {isa = PBXFileReference; lastKnownFileType = sourcecode.swift; path = AchievementsView.swift; sourceTree = "<group>"; };
		7FB0FCCB285654DD0093B401 /* EndingView.swift */ = {isa = PBXFileReference; lastKnownFileType = sourcecode.swift; path = EndingView.swift; sourceTree = "<group>"; };
		99945A63283E6B9200C1B621 /* ICS4U-Culminating */ = {isa = PBXFileReference; explicitFileType = "compiled.mach-o.executable"; includeInIndex = 0; path = "ICS4U-Culminating"; sourceTree = BUILT_PRODUCTS_DIR; };
		99945A66283E6B9200C1B621 /* main.swift */ = {isa = PBXFileReference; lastKnownFileType = sourcecode.swift; path = main.swift; sourceTree = "<group>"; };
		99945A6F283E6DC700C1B621 /* input.txt */ = {isa = PBXFileReference; lastKnownFileType = text; path = input.txt; sourceTree = "<group>"; };
		99945A70283E6ED300C1B621 /* Node.swift */ = {isa = PBXFileReference; lastKnownFileType = sourcecode.swift; path = Node.swift; sourceTree = "<group>"; };
		C814C277284FD062002E7A43 /* storedFunctions.swift */ = {isa = PBXFileReference; lastKnownFileType = sourcecode.swift; path = storedFunctions.swift; sourceTree = "<group>"; };
		C829BC882847AB040063355F /* iOS.app */ = {isa = PBXFileReference; explicitFileType = wrapper.application; includeInIndex = 0; path = iOS.app; sourceTree = BUILT_PRODUCTS_DIR; };
		C829BC8A2847AB040063355F /* iOSApp.swift */ = {isa = PBXFileReference; lastKnownFileType = sourcecode.swift; path = iOSApp.swift; sourceTree = "<group>"; };
		C829BC8C2847AB040063355F /* ContentView.swift */ = {isa = PBXFileReference; lastKnownFileType = sourcecode.swift; path = ContentView.swift; sourceTree = "<group>"; };
		C829BC8E2847AB080063355F /* Assets.xcassets */ = {isa = PBXFileReference; lastKnownFileType = folder.assetcatalog; path = Assets.xcassets; sourceTree = "<group>"; };
		C829BC912847AB080063355F /* Preview Assets.xcassets */ = {isa = PBXFileReference; lastKnownFileType = folder.assetcatalog; path = "Preview Assets.xcassets"; sourceTree = "<group>"; };
		C829BC962847AEF80063355F /* NodeView.swift */ = {isa = PBXFileReference; lastKnownFileType = sourcecode.swift; path = NodeView.swift; sourceTree = "<group>"; };
/* End PBXFileReference section */

/* Begin PBXFrameworksBuildPhase section */
		99945A60283E6B9200C1B621 /* Frameworks */ = {
			isa = PBXFrameworksBuildPhase;
			buildActionMask = 2147483647;
			files = (
			);
			runOnlyForDeploymentPostprocessing = 0;
		};
		C829BC852847AB040063355F /* Frameworks */ = {
			isa = PBXFrameworksBuildPhase;
			buildActionMask = 2147483647;
			files = (
			);
			runOnlyForDeploymentPostprocessing = 0;
		};
/* End PBXFrameworksBuildPhase section */

/* Begin PBXGroup section */
		259D9075284A3C51001BD09C /* View-Model */ = {
			isa = PBXGroup;
			children = (
				259D9076284A3C79001BD09C /* Classify Ending.swift */,
				C814C277284FD062002E7A43 /* storedFunctions.swift */,
			);
			path = "View-Model";
			sourceTree = "<group>";
		};
		99945A5A283E6B9200C1B621 = {
			isa = PBXGroup;
			children = (
				258A561128590E12008A7356 /* output.pdf */,
				258A561028590DFD008A7356 /* GraphGenerator.playground */,
				C829BC992847B0720063355F /* Shared */,
				99945A65283E6B9200C1B621 /* ICS4U-Culminating */,
				C829BC892847AB040063355F /* iOS */,
				99945A64283E6B9200C1B621 /* Products */,
			);
			sourceTree = "<group>";
		};
		99945A64283E6B9200C1B621 /* Products */ = {
			isa = PBXGroup;
			children = (
				99945A63283E6B9200C1B621 /* ICS4U-Culminating */,
				C829BC882847AB040063355F /* iOS.app */,
			);
			name = Products;
			sourceTree = "<group>";
		};
		99945A65283E6B9200C1B621 /* ICS4U-Culminating */ = {
			isa = PBXGroup;
			children = (
				99945A6D283E6D8C00C1B621 /* Graph */,
				99945A66283E6B9200C1B621 /* main.swift */,
			);
			path = "ICS4U-Culminating";
			sourceTree = "<group>";
		};
		99945A6D283E6D8C00C1B621 /* Graph */ = {
			isa = PBXGroup;
			children = (
				99945A6F283E6DC700C1B621 /* input.txt */,
			);
			path = Graph;
			sourceTree = "<group>";
		};
		99945A6E283E6D9700C1B621 /* Model */ = {
			isa = PBXGroup;
			children = (
				99945A70283E6ED300C1B621 /* Node.swift */,
			);
			path = Model;
			sourceTree = "<group>";
		};
		C829BC892847AB040063355F /* iOS */ = {
			isa = PBXGroup;
			children = (
				C829BC8A2847AB040063355F /* iOSApp.swift */,
				C829BC962847AEF80063355F /* NodeView.swift */,
				C829BC8C2847AB040063355F /* ContentView.swift */,
				259D9079284A940D001BD09C /* AchievementsView.swift */,
				7FB0FCCB285654DD0093B401 /* EndingView.swift */,
				C829BC8E2847AB080063355F /* Assets.xcassets */,
				C829BC902847AB080063355F /* Preview Content */,
			);
			path = iOS;
			sourceTree = "<group>";
		};
		C829BC902847AB080063355F /* Preview Content */ = {
			isa = PBXGroup;
			children = (
				C829BC912847AB080063355F /* Preview Assets.xcassets */,
			);
			path = "Preview Content";
			sourceTree = "<group>";
		};
		C829BC992847B0720063355F /* Shared */ = {
			isa = PBXGroup;
			children = (
				259D9075284A3C51001BD09C /* View-Model */,
				99945A6E283E6D9700C1B621 /* Model */,
			);
			path = Shared;
			sourceTree = "<group>";
		};
/* End PBXGroup section */

/* Begin PBXNativeTarget section */
		99945A62283E6B9200C1B621 /* ICS4U-Culminating */ = {
			isa = PBXNativeTarget;
			buildConfigurationList = 99945A6A283E6B9200C1B621 /* Build configuration list for PBXNativeTarget "ICS4U-Culminating" */;
			buildPhases = (
				99945A5F283E6B9200C1B621 /* Sources */,
				99945A60283E6B9200C1B621 /* Frameworks */,
				99945A61283E6B9200C1B621 /* CopyFiles */,
			);
			buildRules = (
			);
			dependencies = (
			);
			name = "ICS4U-Culminating";
			productName = "ICS4U-Culminating";
			productReference = 99945A63283E6B9200C1B621 /* ICS4U-Culminating */;
			productType = "com.apple.product-type.tool";
		};
		C829BC872847AB040063355F /* iOS */ = {
			isa = PBXNativeTarget;
			buildConfigurationList = C829BC932847AB080063355F /* Build configuration list for PBXNativeTarget "iOS" */;
			buildPhases = (
				C829BC842847AB040063355F /* Sources */,
				C829BC852847AB040063355F /* Frameworks */,
				C829BC862847AB040063355F /* Resources */,
			);
			buildRules = (
			);
			dependencies = (
			);
			name = iOS;
			productName = iOS;
			productReference = C829BC882847AB040063355F /* iOS.app */;
			productType = "com.apple.product-type.application";
		};
/* End PBXNativeTarget section */

/* Begin PBXProject section */
		99945A5B283E6B9200C1B621 /* Project object */ = {
			isa = PBXProject;
			attributes = {
				BuildIndependentTargetsInParallel = 1;
				LastSwiftUpdateCheck = 1300;
				LastUpgradeCheck = 1340;
				TargetAttributes = {
					99945A62283E6B9200C1B621 = {
						CreatedOnToolsVersion = 13.4;
					};
					C829BC872847AB040063355F = {
						CreatedOnToolsVersion = 13.0;
					};
				};
			};
			buildConfigurationList = 99945A5E283E6B9200C1B621 /* Build configuration list for PBXProject "ICS4U-Culminating" */;
			compatibilityVersion = "Xcode 13.0";
			developmentRegion = en;
			hasScannedForEncodings = 0;
			knownRegions = (
				en,
				Base,
			);
			mainGroup = 99945A5A283E6B9200C1B621;
			productRefGroup = 99945A64283E6B9200C1B621 /* Products */;
			projectDirPath = "";
			projectRoot = "";
			targets = (
				99945A62283E6B9200C1B621 /* ICS4U-Culminating */,
				C829BC872847AB040063355F /* iOS */,
			);
		};
/* End PBXProject section */

/* Begin PBXResourcesBuildPhase section */
		C829BC862847AB040063355F /* Resources */ = {
			isa = PBXResourcesBuildPhase;
			buildActionMask = 2147483647;
			files = (
				C829BC922847AB080063355F /* Preview Assets.xcassets in Resources */,
				C829BC8F2847AB080063355F /* Assets.xcassets in Resources */,
			);
			runOnlyForDeploymentPostprocessing = 0;
		};
/* End PBXResourcesBuildPhase section */

/* Begin PBXSourcesBuildPhase section */
		99945A5F283E6B9200C1B621 /* Sources */ = {
			isa = PBXSourcesBuildPhase;
			buildActionMask = 2147483647;
			files = (
				C814C278284FD062002E7A43 /* storedFunctions.swift in Sources */,
				259D907A284A940D001BD09C /* AchievementsView.swift in Sources */,
				C829BC9A2847B0970063355F /* Node.swift in Sources */,
				259D9077284A3C79001BD09C /* Classify Ending.swift in Sources */,
				99945A67283E6B9200C1B621 /* main.swift in Sources */,
			);
			runOnlyForDeploymentPostprocessing = 0;
		};
		C829BC842847AB040063355F /* Sources */ = {
			isa = PBXSourcesBuildPhase;
			buildActionMask = 2147483647;
			files = (
				259D9078284A86A1001BD09C /* Classify Ending.swift in Sources */,
				C829BC8D2847AB040063355F /* ContentView.swift in Sources */,
				C829BC8B2847AB040063355F /* iOSApp.swift in Sources */,
				7FB0FCCC285654DD0093B401 /* EndingView.swift in Sources */,
				C829BC972847AEF80063355F /* NodeView.swift in Sources */,
				259D907B284A940D001BD09C /* AchievementsView.swift in Sources */,
				C829BC982847AF580063355F /* Node.swift in Sources */,
				C814C279284FD062002E7A43 /* storedFunctions.swift in Sources */,
			);
			runOnlyForDeploymentPostprocessing = 0;
		};
/* End PBXSourcesBuildPhase section */

/* Begin XCBuildConfiguration section */
		99945A68283E6B9200C1B621 /* Debug */ = {
			isa = XCBuildConfiguration;
			buildSettings = {
				ALWAYS_SEARCH_USER_PATHS = NO;
				CLANG_ANALYZER_NONNULL = YES;
				CLANG_ANALYZER_NUMBER_OBJECT_CONVERSION = YES_AGGRESSIVE;
				CLANG_CXX_LANGUAGE_STANDARD = "gnu++17";
				CLANG_ENABLE_MODULES = YES;
				CLANG_ENABLE_OBJC_ARC = YES;
				CLANG_ENABLE_OBJC_WEAK = YES;
				CLANG_WARN_BLOCK_CAPTURE_AUTORELEASING = YES;
				CLANG_WARN_BOOL_CONVERSION = YES;
				CLANG_WARN_COMMA = YES;
				CLANG_WARN_CONSTANT_CONVERSION = YES;
				CLANG_WARN_DEPRECATED_OBJC_IMPLEMENTATIONS = YES;
				CLANG_WARN_DIRECT_OBJC_ISA_USAGE = YES_ERROR;
				CLANG_WARN_DOCUMENTATION_COMMENTS = YES;
				CLANG_WARN_EMPTY_BODY = YES;
				CLANG_WARN_ENUM_CONVERSION = YES;
				CLANG_WARN_INFINITE_RECURSION = YES;
				CLANG_WARN_INT_CONVERSION = YES;
				CLANG_WARN_NON_LITERAL_NULL_CONVERSION = YES;
				CLANG_WARN_OBJC_IMPLICIT_RETAIN_SELF = YES;
				CLANG_WARN_OBJC_LITERAL_CONVERSION = YES;
				CLANG_WARN_OBJC_ROOT_CLASS = YES_ERROR;
				CLANG_WARN_QUOTED_INCLUDE_IN_FRAMEWORK_HEADER = YES;
				CLANG_WARN_RANGE_LOOP_ANALYSIS = YES;
				CLANG_WARN_STRICT_PROTOTYPES = YES;
				CLANG_WARN_SUSPICIOUS_MOVE = YES;
				CLANG_WARN_UNGUARDED_AVAILABILITY = YES_AGGRESSIVE;
				CLANG_WARN_UNREACHABLE_CODE = YES;
				CLANG_WARN__DUPLICATE_METHOD_MATCH = YES;
				COPY_PHASE_STRIP = NO;
				DEBUG_INFORMATION_FORMAT = dwarf;
				ENABLE_STRICT_OBJC_MSGSEND = YES;
				ENABLE_TESTABILITY = YES;
				GCC_C_LANGUAGE_STANDARD = gnu11;
				GCC_DYNAMIC_NO_PIC = NO;
				GCC_NO_COMMON_BLOCKS = YES;
				GCC_OPTIMIZATION_LEVEL = 0;
				GCC_PREPROCESSOR_DEFINITIONS = (
					"DEBUG=1",
					"$(inherited)",
				);
				GCC_WARN_64_TO_32_BIT_CONVERSION = YES;
				GCC_WARN_ABOUT_RETURN_TYPE = YES_ERROR;
				GCC_WARN_UNDECLARED_SELECTOR = YES;
				GCC_WARN_UNINITIALIZED_AUTOS = YES_AGGRESSIVE;
				GCC_WARN_UNUSED_FUNCTION = YES;
				GCC_WARN_UNUSED_VARIABLE = YES;
				MACOSX_DEPLOYMENT_TARGET = 12.1;
				MTL_ENABLE_DEBUG_INFO = INCLUDE_SOURCE;
				MTL_FAST_MATH = YES;
				ONLY_ACTIVE_ARCH = YES;
				SDKROOT = macosx;
				SWIFT_ACTIVE_COMPILATION_CONDITIONS = DEBUG;
				SWIFT_OPTIMIZATION_LEVEL = "-Onone";
			};
			name = Debug;
		};
		99945A69283E6B9200C1B621 /* Release */ = {
			isa = XCBuildConfiguration;
			buildSettings = {
				ALWAYS_SEARCH_USER_PATHS = NO;
				CLANG_ANALYZER_NONNULL = YES;
				CLANG_ANALYZER_NUMBER_OBJECT_CONVERSION = YES_AGGRESSIVE;
				CLANG_CXX_LANGUAGE_STANDARD = "gnu++17";
				CLANG_ENABLE_MODULES = YES;
				CLANG_ENABLE_OBJC_ARC = YES;
				CLANG_ENABLE_OBJC_WEAK = YES;
				CLANG_WARN_BLOCK_CAPTURE_AUTORELEASING = YES;
				CLANG_WARN_BOOL_CONVERSION = YES;
				CLANG_WARN_COMMA = YES;
				CLANG_WARN_CONSTANT_CONVERSION = YES;
				CLANG_WARN_DEPRECATED_OBJC_IMPLEMENTATIONS = YES;
				CLANG_WARN_DIRECT_OBJC_ISA_USAGE = YES_ERROR;
				CLANG_WARN_DOCUMENTATION_COMMENTS = YES;
				CLANG_WARN_EMPTY_BODY = YES;
				CLANG_WARN_ENUM_CONVERSION = YES;
				CLANG_WARN_INFINITE_RECURSION = YES;
				CLANG_WARN_INT_CONVERSION = YES;
				CLANG_WARN_NON_LITERAL_NULL_CONVERSION = YES;
				CLANG_WARN_OBJC_IMPLICIT_RETAIN_SELF = YES;
				CLANG_WARN_OBJC_LITERAL_CONVERSION = YES;
				CLANG_WARN_OBJC_ROOT_CLASS = YES_ERROR;
				CLANG_WARN_QUOTED_INCLUDE_IN_FRAMEWORK_HEADER = YES;
				CLANG_WARN_RANGE_LOOP_ANALYSIS = YES;
				CLANG_WARN_STRICT_PROTOTYPES = YES;
				CLANG_WARN_SUSPICIOUS_MOVE = YES;
				CLANG_WARN_UNGUARDED_AVAILABILITY = YES_AGGRESSIVE;
				CLANG_WARN_UNREACHABLE_CODE = YES;
				CLANG_WARN__DUPLICATE_METHOD_MATCH = YES;
				COPY_PHASE_STRIP = NO;
				DEBUG_INFORMATION_FORMAT = "dwarf-with-dsym";
				ENABLE_NS_ASSERTIONS = NO;
				ENABLE_STRICT_OBJC_MSGSEND = YES;
				GCC_C_LANGUAGE_STANDARD = gnu11;
				GCC_NO_COMMON_BLOCKS = YES;
				GCC_WARN_64_TO_32_BIT_CONVERSION = YES;
				GCC_WARN_ABOUT_RETURN_TYPE = YES_ERROR;
				GCC_WARN_UNDECLARED_SELECTOR = YES;
				GCC_WARN_UNINITIALIZED_AUTOS = YES_AGGRESSIVE;
				GCC_WARN_UNUSED_FUNCTION = YES;
				GCC_WARN_UNUSED_VARIABLE = YES;
				MACOSX_DEPLOYMENT_TARGET = 12.1;
				MTL_ENABLE_DEBUG_INFO = NO;
				MTL_FAST_MATH = YES;
				SDKROOT = macosx;
				SWIFT_COMPILATION_MODE = wholemodule;
				SWIFT_OPTIMIZATION_LEVEL = "-O";
			};
			name = Release;
		};
		99945A6B283E6B9200C1B621 /* Debug */ = {
			isa = XCBuildConfiguration;
			buildSettings = {
				CODE_SIGN_STYLE = Automatic;
				DEVELOPMENT_TEAM = MGUV4A48R3;
				ENABLE_HARDENED_RUNTIME = YES;
				PRODUCT_NAME = "$(TARGET_NAME)";
				SWIFT_VERSION = 5.0;
			};
			name = Debug;
		};
		99945A6C283E6B9200C1B621 /* Release */ = {
			isa = XCBuildConfiguration;
			buildSettings = {
				CODE_SIGN_STYLE = Automatic;
				DEVELOPMENT_TEAM = MGUV4A48R3;
				ENABLE_HARDENED_RUNTIME = YES;
				PRODUCT_NAME = "$(TARGET_NAME)";
				SWIFT_VERSION = 5.0;
			};
			name = Release;
		};
		C829BC942847AB080063355F /* Debug */ = {
			isa = XCBuildConfiguration;
			buildSettings = {
				ASSETCATALOG_COMPILER_APPICON_NAME = AppIcon;
				ASSETCATALOG_COMPILER_GLOBAL_ACCENT_COLOR_NAME = AccentColor;
				CLANG_CXX_LIBRARY = "libc++";
				CODE_SIGN_STYLE = Automatic;
				CURRENT_PROJECT_VERSION = 1;
				DEVELOPMENT_ASSET_PATHS = "iOS/Preview\\ Content";
				DEVELOPMENT_TEAM = 89CY642UG3;
				ENABLE_PREVIEWS = YES;
				GENERATE_INFOPLIST_FILE = YES;
				INFOPLIST_KEY_UIApplicationSceneManifest_Generation = YES;
				INFOPLIST_KEY_UIApplicationSupportsIndirectInputEvents = YES;
				INFOPLIST_KEY_UILaunchScreen_Generation = YES;
				INFOPLIST_KEY_UISupportedInterfaceOrientations_iPad = "UIInterfaceOrientationPortrait UIInterfaceOrientationPortraitUpsideDown UIInterfaceOrientationLandscapeLeft UIInterfaceOrientationLandscapeRight";
				INFOPLIST_KEY_UISupportedInterfaceOrientations_iPhone = "UIInterfaceOrientationPortrait UIInterfaceOrientationLandscapeLeft UIInterfaceOrientationLandscapeRight";
				IPHONEOS_DEPLOYMENT_TARGET = 15.0;
				LD_RUNPATH_SEARCH_PATHS = (
					"$(inherited)",
					"@executable_path/Frameworks",
				);
				MARKETING_VERSION = 1.0;
				PRODUCT_BUNDLE_IDENTIFIER = ca.jinasalvarajah.iOS;
				PRODUCT_NAME = "$(TARGET_NAME)";
				SDKROOT = iphoneos;
				SWIFT_EMIT_LOC_STRINGS = YES;
				SWIFT_VERSION = 5.0;
				TARGETED_DEVICE_FAMILY = "1,2";
			};
			name = Debug;
		};
		C829BC952847AB080063355F /* Release */ = {
			isa = XCBuildConfiguration;
			buildSettings = {
				ASSETCATALOG_COMPILER_APPICON_NAME = AppIcon;
				ASSETCATALOG_COMPILER_GLOBAL_ACCENT_COLOR_NAME = AccentColor;
				CLANG_CXX_LIBRARY = "libc++";
				CODE_SIGN_STYLE = Automatic;
				CURRENT_PROJECT_VERSION = 1;
				DEVELOPMENT_ASSET_PATHS = "iOS/Preview\\ Content";
				DEVELOPMENT_TEAM = 89CY642UG3;
				ENABLE_PREVIEWS = YES;
				GENERATE_INFOPLIST_FILE = YES;
				INFOPLIST_KEY_UIApplicationSceneManifest_Generation = YES;
				INFOPLIST_KEY_UIApplicationSupportsIndirectInputEvents = YES;
				INFOPLIST_KEY_UILaunchScreen_Generation = YES;
				INFOPLIST_KEY_UISupportedInterfaceOrientations_iPad = "UIInterfaceOrientationPortrait UIInterfaceOrientationPortraitUpsideDown UIInterfaceOrientationLandscapeLeft UIInterfaceOrientationLandscapeRight";
				INFOPLIST_KEY_UISupportedInterfaceOrientations_iPhone = "UIInterfaceOrientationPortrait UIInterfaceOrientationLandscapeLeft UIInterfaceOrientationLandscapeRight";
				IPHONEOS_DEPLOYMENT_TARGET = 15.0;
				LD_RUNPATH_SEARCH_PATHS = (
					"$(inherited)",
					"@executable_path/Frameworks",
				);
				MARKETING_VERSION = 1.0;
				PRODUCT_BUNDLE_IDENTIFIER = ca.jinasalvarajah.iOS;
				PRODUCT_NAME = "$(TARGET_NAME)";
				SDKROOT = iphoneos;
				SWIFT_EMIT_LOC_STRINGS = YES;
				SWIFT_VERSION = 5.0;
				TARGETED_DEVICE_FAMILY = "1,2";
				VALIDATE_PRODUCT = YES;
			};
			name = Release;
		};
/* End XCBuildConfiguration section */

/* Begin XCConfigurationList section */
		99945A5E283E6B9200C1B621 /* Build configuration list for PBXProject "ICS4U-Culminating" */ = {
			isa = XCConfigurationList;
			buildConfigurations = (
				99945A68283E6B9200C1B621 /* Debug */,
				99945A69283E6B9200C1B621 /* Release */,
			);
			defaultConfigurationIsVisible = 0;
			defaultConfigurationName = Release;
		};
		99945A6A283E6B9200C1B621 /* Build configuration list for PBXNativeTarget "ICS4U-Culminating" */ = {
			isa = XCConfigurationList;
			buildConfigurations = (
				99945A6B283E6B9200C1B621 /* Debug */,
				99945A6C283E6B9200C1B621 /* Release */,
			);
			defaultConfigurationIsVisible = 0;
			defaultConfigurationName = Release;
		};
		C829BC932847AB080063355F /* Build configuration list for PBXNativeTarget "iOS" */ = {
			isa = XCConfigurationList;
			buildConfigurations = (
				C829BC942847AB080063355F /* Debug */,
				C829BC952847AB080063355F /* Release */,
			);
			defaultConfigurationIsVisible = 0;
			defaultConfigurationName = Release;
		};
/* End XCConfigurationList section */
	};
	rootObject = 99945A5B283E6B9200C1B621 /* Project object */;
}
